
Microsoft Visual Studio Solution File, Format Version 12.00
# Visual Studio Version 17
VisualStudioVersion = 17.4.33122.133
MinimumVisualStudioVersion = 10.0.40219.1
Project("{9A19103F-16F7-4668-BE54-9A1E7A4F7556}") = "FargoEnemyModifiers", "FargoEnemyModifiers.csproj", "{24AC0A2B-C34F-45B4-BBAC-7E41844C3FCC}"
EndProject
Global
	GlobalSection(SolutionConfigurationPlatforms) = preSolution
		Debug|Any CPU = Debug|Any CPU
		Release|Any CPU = Release|Any CPU
	EndGlobalSection
	GlobalSection(ProjectConfigurationPlatforms) = postSolution
		{24AC0A2B-C34F-45B4-BBAC-7E41844C3FCC}.Debug|Any CPU.ActiveCfg = Debug|Any CPU
		{24AC0A2B-C34F-45B4-BBAC-7E41844C3FCC}.Debug|Any CPU.Build.0 = Debug|Any CPU
		{24AC0A2B-C34F-45B4-BBAC-7E41844C3FCC}.Release|Any CPU.ActiveCfg = Release|Any CPU
		{24AC0A2B-C34F-45B4-BBAC-7E41844C3FCC}.Release|Any CPU.Build.0 = Release|Any CPU
	EndGlobalSection
	GlobalSection(SolutionProperties) = preSolution
		HideSolutionNode = FALSE
	EndGlobalSection
	GlobalSection(ExtensibilityGlobals) = postSolution
		SolutionGuid = {E3F90D4E-8109-4BEB-B0A5-4A063CA5D3F0}
	EndGlobalSection
EndGlobal
